
Microsoft Visual Studio Solution File, Format Version 12.00
Project("{FAE04EC0-301F-11D3-BF4B-00C04F79EFBC}") = "PO.GPT", "PO.GPT\PO.GPT.csproj", "{0DA9095B-2AC7-45BE-84BC-926A6ECE503F}"
EndProject
Global
	GlobalSection(SolutionConfigurationPlatforms) = preSolution
		Debug|Any CPU = Debug|Any CPU
		Release|Any CPU = Release|Any CPU
	EndGlobalSection
	GlobalSection(ProjectConfigurationPlatforms) = postSolution
		{0DA9095B-2AC7-45BE-84BC-926A6ECE503F}.Debug|Any CPU.ActiveCfg = Debug|Any CPU
		{0DA9095B-2AC7-45BE-84BC-926A6ECE503F}.Debug|Any CPU.Build.0 = Debug|Any CPU
		{0DA9095B-2AC7-45BE-84BC-926A6ECE503F}.Release|Any CPU.ActiveCfg = Release|Any CPU
		{0DA9095B-2AC7-45BE-84BC-926A6ECE503F}.Release|Any CPU.Build.0 = Release|Any CPU
	EndGlobalSection
EndGlobal
